// !$*UTF8*$!
{
	archiveVersion = 1;
	classes = {
	};
	objectVersion = 46;
	objects = {

/* Begin PBXBuildFile section */
		EA47A3871F451E1C00688754 /* AppDelegate.swift in Sources */ = {isa = PBXBuildFile; fileRef = EA47A3861F451E1C00688754 /* AppDelegate.swift */; };
		EA47A3891F451E1C00688754 /* ViewController.swift in Sources */ = {isa = PBXBuildFile; fileRef = EA47A3881F451E1C00688754 /* ViewController.swift */; };
		EA47A38C1F451E1C00688754 /* Main.storyboard in Resources */ = {isa = PBXBuildFile; fileRef = EA47A38A1F451E1C00688754 /* Main.storyboard */; };
		EA47A38E1F451E1C00688754 /* Assets.xcassets in Resources */ = {isa = PBXBuildFile; fileRef = EA47A38D1F451E1C00688754 /* Assets.xcassets */; };
		EA47A3911F451E1C00688754 /* LaunchScreen.storyboard in Resources */ = {isa = PBXBuildFile; fileRef = EA47A38F1F451E1C00688754 /* LaunchScreen.storyboard */; };
/* End PBXBuildFile section */

/* Begin PBXFileReference section */
		EA47A3831F451E1C00688754 /* myBook.app */ = {isa = PBXFileReference; explicitFileType = wrapper.application; includeInIndex = 0; path = myBook.app; sourceTree = BUILT_PRODUCTS_DIR; };
		EA47A3861F451E1C00688754 /* AppDelegate.swift */ = {isa = PBXFileReference; lastKnownFileType = sourcecode.swift; path = AppDelegate.swift; sourceTree = "<group>"; };
		EA47A3881F451E1C00688754 /* ViewController.swift */ = {isa = PBXFileReference; lastKnownFileType = sourcecode.swift; path = ViewController.swift; sourceTree = "<group>"; };
		EA47A38B1F451E1C00688754 /* Base */ = {isa = PBXFileReference; lastKnownFileType = file.storyboard; name = Base; path = Base.lproj/Main.storyboard; sourceTree = "<group>"; };
		EA47A38D1F451E1C00688754 /* Assets.xcassets */ = {isa = PBXFileReference; lastKnownFileType = folder.assetcatalog; path = Assets.xcassets; sourceTree = "<group>"; };
		EA47A3901F451E1C00688754 /* Base */ = {isa = PBXFileReference; lastKnownFileType = file.storyboard; name = Base; path = Base.lproj/LaunchScreen.storyboard; sourceTree = "<group>"; };
		EA47A3921F451E1C00688754 /* Info.plist */ = {isa = PBXFileReference; lastKnownFileType = text.plist.xml; path = Info.plist; sourceTree = "<group>"; };
/* End PBXFileReference section */

/* Begin PBXFrameworksBuildPhase section */
		EA47A3801F451E1C00688754 /* Frameworks */ = {
			isa = PBXFrameworksBuildPhase;
			buildActionMask = 2147483647;
			files = (
			);
			runOnlyForDeploymentPostprocessing = 0;
		};
/* End PBXFrameworksBuildPhase section */

/* Begin PBXGroup section */
		EA47A37A1F451E1C00688754 = {
			isa = PBXGroup;
			children = (
				EA47A3851F451E1C00688754 /* myBook */,
				EA47A3841F451E1C00688754 /* Products */,
			);
			sourceTree = "<group>";
		};
		EA47A3841F451E1C00688754 /* Products */ = {
			isa = PBXGroup;
			children = (
				EA47A3831F451E1C00688754 /* myBook.app */,
			);
			name = Products;
			sourceTree = "<group>";
		};
		EA47A3851F451E1C00688754 /* myBook */ = {
			isa = PBXGroup;
			children = (
				EA47A3861F451E1C00688754 /* AppDelegate.swift */,
				EA47A3881F451E1C00688754 /* ViewController.swift */,
				EA47A38A1F451E1C00688754 /* Main.storyboard */,
				EA47A38D1F451E1C00688754 /* Assets.xcassets */,
				EA47A38F1F451E1C00688754 /* LaunchScreen.storyboard */,
				EA47A3921F451E1C00688754 /* Info.plist */,
			);
			path = myBook;
			sourceTree = "<group>";
		};
/* End PBXGroup section */

/* Begin PBXNativeTarget section */
		EA47A3821F451E1C00688754 /* myBook */ = {
			isa = PBXNativeTarget;
			buildConfigurationList = EA47A3951F451E1C00688754 /* Build configuration list for PBXNativeTarget "myBook" */;
			buildPhases = (
				EA47A37F1F451E1C00688754 /* Sources */,
				EA47A3801F451E1C00688754 /* Frameworks */,
				EA47A3811F451E1C00688754 /* Resources */,
			);
			buildRules = (
			);
			dependencies = (
			);
			name = myBook;
			productName = myBook;
			productReference = EA47A3831F451E1C00688754 /* myBook.app */;
			productType = "com.apple.product-type.application";
		};
/* End PBXNativeTarget section */

/* Begin PBXProject section */
		EA47A37B1F451E1C00688754 /* Project object */ = {
			isa = PBXProject;
			attributes = {
				LastSwiftUpdateCheck = 0830;
				LastUpgradeCheck = 0830;
				ORGANIZATIONNAME = "CJON, INC";
				TargetAttributes = {
					EA47A3821F451E1C00688754 = {
						CreatedOnToolsVersion = 8.3.3;
						ProvisioningStyle = Automatic;
					};
				};
			};
			buildConfigurationList = EA47A37E1F451E1C00688754 /* Build configuration list for PBXProject "myBook" */;
			compatibilityVersion = "Xcode 3.2";
			developmentRegion = English;
			hasScannedForEncodings = 0;
			knownRegions = (
				en,
				Base,
			);
			mainGroup = EA47A37A1F451E1C00688754;
			productRefGroup = EA47A3841F451E1C00688754 /* Products */;
			projectDirPath = "";
			projectRoot = "";
			targets = (
				EA47A3821F451E1C00688754 /* myBook */,
			);
		};
/* End PBXProject section */

/* Begin PBXResourcesBuildPhase section */
		EA47A3811F451E1C00688754 /* Resources */ = {
			isa = PBXResourcesBuildPhase;
			buildActionMask = 2147483647;
			files = (
				EA47A3911F451E1C00688754 /* LaunchScreen.storyboard in Resources */,
				EA47A38E1F451E1C00688754 /* Assets.xcassets in Resources */,
				EA47A38C1F451E1C00688754 /* Main.storyboard in Resources */,
			);
			runOnlyForDeploymentPostprocessing = 0;
		};
/* End PBXResourcesBuildPhase section */

/* Begin PBXSourcesBuildPhase section */
		EA47A37F1F451E1C00688754 /* Sources */ = {
			isa = PBXSourcesBuildPhase;
			buildActionMask = 2147483647;
			files = (
				EA47A3891F451E1C00688754 /* ViewController.swift in Sources */,
				EA47A3871F451E1C00688754 /* AppDelegate.swift in Sources */,
			);
			runOnlyForDeploymentPostprocessing = 0;
		};
/* End PBXSourcesBuildPhase section */

/* Begin PBXVariantGroup section */
		EA47A38A1F451E1C00688754 /* Main.storyboard */ = {
			isa = PBXVariantGroup;
			children = (
				EA47A38B1F451E1C00688754 /* Base */,
			);
			name = Main.storyboard;
			sourceTree = "<group>";
		};
		EA47A38F1F451E1C00688754 /* LaunchScreen.storyboard */ = {
			isa = PBXVariantGroup;
			children = (
				EA47A3901F451E1C00688754 /* Base */,
			);
			name = LaunchScreen.storyboard;
			sourceTree = "<group>";
		};
/* End PBXVariantGroup section */

/* Begin XCBuildConfiguration section */
		EA47A3931F451E1C00688754 /* Debug */ = {
			isa = XCBuildConfiguration;
			buildSettings = {
				ALWAYS_SEARCH_USER_PATHS = NO;
				CLANG_ANALYZER_NONNULL = YES;
				CLANG_ANALYZER_NUMBER_OBJECT_CONVERSION = YES_AGGRESSIVE;
				CLANG_CXX_LANGUAGE_STANDARD = "gnu++0x";
				CLANG_CXX_LIBRARY = "libc++";
				CLANG_ENABLE_MODULES = YES;
				CLANG_ENABLE_OBJC_ARC = YES;
				CLANG_WARN_BOOL_CONVERSION = YES;
				CLANG_WARN_CONSTANT_CONVERSION = YES;
				CLANG_WARN_DIRECT_OBJC_ISA_USAGE = YES_ERROR;
				CLANG_WARN_DOCUMENTATION_COMMENTS = YES;
				CLANG_WARN_EMPTY_BODY = YES;
				CLANG_WARN_ENUM_CONVERSION = YES;
				CLANG_WARN_INFINITE_RECURSION = YES;
				CLANG_WARN_INT_CONVERSION = YES;
				CLANG_WARN_OBJC_ROOT_CLASS = YES_ERROR;
				CLANG_WARN_SUSPICIOUS_MOVE = YES;
				CLANG_WARN_UNREACHABLE_CODE = YES;
				CLANG_WARN__DUPLICATE_METHOD_MATCH = YES;
				"CODE_SIGN_IDENTITY[sdk=iphoneos*]" = "iPhone Developer";
				COPY_PHASE_STRIP = NO;
				DEBUG_INFORMATION_FORMAT = dwarf;
				ENABLE_STRICT_OBJC_MSGSEND = YES;
				ENABLE_TESTABILITY = YES;
				GCC_C_LANGUAGE_STANDARD = gnu99;
				GCC_DYNAMIC_NO_PIC = NO;
				GCC_NO_COMMON_BLOCKS = YES;
				GCC_OPTIMIZATION_LEVEL = 0;
				GCC_PREPROCESSOR_DEFINITIONS = (
					"DEBUG=1",
					"$(inherited)",
				);
				GCC_WARN_64_TO_32_BIT_CONVERSION = YES;
				GCC_WARN_ABOUT_RETURN_TYPE = YES_ERROR;
				GCC_WARN_UNDECLARED_SELECTOR = YES;
				GCC_WARN_UNINITIALIZED_AUTOS = YES_AGGRESSIVE;
				GCC_WARN_UNUSED_FUNCTION = YES;
				GCC_WARN_UNUSED_VARIABLE = YES;
				IPHONEOS_DEPLOYMENT_TARGET = 10.3;
				MTL_ENABLE_DEBUG_INFO = YES;
				ONLY_ACTIVE_ARCH = YES;
				SDKROOT = iphoneos;
				SWIFT_ACTIVE_COMPILATION_CONDITIONS = DEBUG;
				SWIFT_OPTIMIZATION_LEVEL = "-Onone";
				TARGETED_DEVICE_FAMILY = "1,2";
			};
			name = Debug;
		};
		EA47A3941F451E1C00688754 /* Release */ = {
			isa = XCBuildConfiguration;
			buildSettings = {
				ALWAYS_SEARCH_USER_PATHS = NO;
				CLANG_ANALYZER_NONNULL = YES;
				CLANG_ANALYZER_NUMBER_OBJECT_CONVERSION = YES_AGGRESSIVE;
				CLANG_CXX_LANGUAGE_STANDARD = "gnu++0x";
				CLANG_CXX_LIBRARY = "libc++";
				CLANG_ENABLE_MODULES = YES;
				CLANG_ENABLE_OBJC_ARC = YES;
				CLANG_WARN_BOOL_CONVERSION = YES;
				CLANG_WARN_CONSTANT_CONVERSION = YES;
				CLANG_WARN_DIRECT_OBJC_ISA_USAGE = YES_ERROR;
				CLANG_WARN_DOCUMENTATION_COMMENTS = YES;
				CLANG_WARN_EMPTY_BODY = YES;
				CLANG_WARN_ENUM_CONVERSION = YES;
				CLANG_WARN_INFINITE_RECURSION = YES;
				CLANG_WARN_INT_CONVERSION = YES;
				CLANG_WARN_OBJC_ROOT_CLASS = YES_ERROR;
				CLANG_WARN_SUSPICIOUS_MOVE = YES;
				CLANG_WARN_UNREACHABLE_CODE = YES;
				CLANG_WARN__DUPLICATE_METHOD_MATCH = YES;
				"CODE_SIGN_IDENTITY[sdk=iphoneos*]" = "iPhone Developer";
				COPY_PHASE_STRIP = NO;
				DEBUG_INFORMATION_FORMAT = "dwarf-with-dsym";
				ENABLE_NS_ASSERTIONS = NO;
				ENABLE_STRICT_OBJC_MSGSEND = YES;
				GCC_C_LANGUAGE_STANDARD = gnu99;
				GCC_NO_COMMON_BLOCKS = YES;
				GCC_WARN_64_TO_32_BIT_CONVERSION = YES;
				GCC_WARN_ABOUT_RETURN_TYPE = YES_ERROR;
				GCC_WARN_UNDECLARED_SELECTOR = YES;
				GCC_WARN_UNINITIALIZED_AUTOS = YES_AGGRESSIVE;
				GCC_WARN_UNUSED_FUNCTION = YES;
				GCC_WARN_UNUSED_VARIABLE = YES;
				IPHONEOS_DEPLOYMENT_TARGET = 10.3;
				MTL_ENABLE_DEBUG_INFO = NO;
				SDKROOT = iphoneos;
				SWIFT_OPTIMIZATION_LEVEL = "-Owholemodule";
				TARGETED_DEVICE_FAMILY = "1,2";
				VALIDATE_PRODUCT = YES;
			};
			name = Release;
		};
		EA47A3961F451E1C00688754 /* Debug */ = {
			isa = XCBuildConfiguration;
			buildSettings = {
				ASSETCATALOG_COMPILER_APPICON_NAME = AppIcon;
				INFOPLIST_FILE = myBook/Info.plist;
				LD_RUNPATH_SEARCH_PATHS = "$(inherited) @executable_path/Frameworks";
				PRODUCT_BUNDLE_IDENTIFIER = com.group.cj.myBook;
				PRODUCT_NAME = "$(TARGET_NAME)";
				SWIFT_VERSION = 3.0;
			};
			name = Debug;
		};
		EA47A3971F451E1C00688754 /* Release */ = {
			isa = XCBuildConfiguration;
			buildSettings = {
				ASSETCATALOG_COMPILER_APPICON_NAME = AppIcon;
				INFOPLIST_FILE = myBook/Info.plist;
				LD_RUNPATH_SEARCH_PATHS = "$(inherited) @executable_path/Frameworks";
				PRODUCT_BUNDLE_IDENTIFIER = com.group.cj.myBook;
				PRODUCT_NAME = "$(TARGET_NAME)";
				SWIFT_VERSION = 3.0;
			};
			name = Release;
		};
/* End XCBuildConfiguration section */

/* Begin XCConfigurationList section */
		EA47A37E1F451E1C00688754 /* Build configuration list for PBXProject "myBook" */ = {
			isa = XCConfigurationList;
			buildConfigurations = (
				EA47A3931F451E1C00688754 /* Debug */,
				EA47A3941F451E1C00688754 /* Release */,
			);
			defaultConfigurationIsVisible = 0;
			defaultConfigurationName = Release;
		};
		EA47A3951F451E1C00688754 /* Build configuration list for PBXNativeTarget "myBook" */ = {
			isa = XCConfigurationList;
			buildConfigurations = (
				EA47A3961F451E1C00688754 /* Debug */,
				EA47A3971F451E1C00688754 /* Release */,
			);
			defaultConfigurationIsVisible = 0;
		};
/* End XCConfigurationList section */
	};
	rootObject = EA47A37B1F451E1C00688754 /* Project object */;
}
